# THIS IS AN AUTOGENERATED FILE. DO NOT EDIT THIS FILE DIRECTLY.
# yarn lockfile v1


esbuild@^0.12.28:
  version "0.12.28"
  resolved "https://registry.yarnpkg.com/esbuild/-/esbuild-0.12.28.tgz#84da0d2a0d0dee181281545271e0d65cf6fab1ef"
  integrity sha512-pZ0FrWZXlvQOATlp14lRSk1N9GkeJ3vLIwOcUoo3ICQn9WNR4rWoNi81pbn6sC1iYUy7QPqNzI3+AEzokwyVcA==
